
Microsoft Visual Studio Solution File, Format Version 12.00
# Visual Studio Version 17
VisualStudioVersion = 17.0.31903.59
MinimumVisualStudioVersion = 10.0.40219.1
Project("{FAE04EC0-301F-11D3-BF4B-00C04F79EFBC}") = "MEditService.Http", "MEditService.Http\MEditService.Http.csproj", "{11B06E27-2300-4489-9AC2-CE69C6698212}"
EndProject
Project("{FAE04EC0-301F-11D3-BF4B-00C04F79EFBC}") = "MEditService.Watcher", "MEditService.Watcher\MEditService.Watcher.csproj", "{DDEEFF0B-BE30-4197-84B9-141817135D2B}"
EndProject
Project("{FAE04EC0-301F-11D3-BF4B-00C04F79EFBC}") = "MEditService.Commands", "MEditService.Commands\MEditService.Commands.csproj", "{C12A6A04-7FBE-4979-9E2A-3A5CEB709F8E}"
EndProject
Project("{FAE04EC0-301F-11D3-BF4B-00C04F79EFBC}") = "MEditService.Queries", "MEditService.Queries\MEditService.Queries.csproj", "{7568BA16-B016-4635-8877-CE71CAAFA7E1}"
EndProject
Project("{FAE04EC0-301F-11D3-BF4B-00C04F79EFBC}") = "MEditService.LoadOrder", "MEditService.LoadOrder\MEditService.LoadOrder.csproj", "{67039B20-2E28-4103-8F9E-30D592903E2D}"
EndProject
Project("{FAE04EC0-301F-11D3-BF4B-00C04F79EFBC}") = "MEditService.Codec", "MEditService.Codec\MEditService.Codec.csproj", "{5A5D7E90-217C-4279-AE98-E3BD8FAE35ED}"
EndProject
Project("{FAE04EC0-301F-11D3-BF4B-00C04F79EFBC}") = "MEditService.Ports", "MEditService.Ports\MEditService.Ports.csproj", "{2B6C4D8B-9968-4AD8-8304-C675BFA7B308}"
EndProject
Project("{FAE04EC0-301F-11D3-BF4B-00C04F79EFBC}") = "MEditService.Index", "MEditService.Index\MEditService.Index.csproj", "{1EDAAA4B-25D7-4194-A630-DE9A07CD9D5C}"
EndProject
Project("{FAE04EC0-301F-11D3-BF4B-00C04F79EFBC}") = "MEditService.SourceRepo", "MEditService.SourceRepo\MEditService.SourceRepo.csproj", "{1E597442-FDBB-4B2E-9896-C52C69C3F0CA}"
EndProject
Project("{FAE04EC0-301F-11D3-BF4B-00C04F79EFBC}") = "MEditService.PluginAdapter", "MEditService.PluginAdapter\MEditService.PluginAdapter.csproj", "{2F521F50-CCE8-48E4-A400-436104D8629C}"
EndProject
Project("{FAE04EC0-301F-11D3-BF4B-00C04F79EFBC}") = "MEditService.LoadOrder.Tests", "MEditService.LoadOrder.Tests\MEditService.LoadOrder.Tests.csproj", "{AA655A35-CA0A-45FE-A792-EFE62A0C92D9}"
EndProject
Project("{FAE04EC0-301F-11D3-BF4B-00C04F79EFBC}") = "MEditService.TestSupport", "MEditService.TestSupport\MEditService.TestSupport.csproj", "{89A28C29-09E0-4B5A-94FA-60808345B28A}"
EndProject
Project("{FAE04EC0-301F-11D3-BF4B-00C04F79EFBC}") = "MEditService.Codec.Tests", "MEditService.Codec.Tests\MEditService.Codec.Tests.csproj", "{38D60DBE-54D0-4D8B-A348-08AABD707A72}"
EndProject
Project("{FAE04EC0-301F-11D3-BF4B-00C04F79EFBC}") = "MEditService.Ports.Tests", "MEditService.Ports.Tests\MEditService.Ports.Tests.csproj", "{DEADA2F5-FF8C-41A3-9DA5-4154685F5C05}"
EndProject
Project("{FAE04EC0-301F-11D3-BF4B-00C04F79EFBC}") = "MEditService.PluginAdapter.Tests", "MEditService.PluginAdapter.Tests\MEditService.PluginAdapter.Tests.csproj", "{94939403-03B7-4E4A-A67A-907B1E6898AA}"
EndProject
Project("{FAE04EC0-301F-11D3-BF4B-00C04F79EFBC}") = "MEditService.SourceRepo.Tests", "MEditService.SourceRepo.Tests\MEditService.SourceRepo.Tests.csproj", "{FB3A63C6-61DC-4B9A-857E-6DAE70933D7C}"
EndProject
Project("{FAE04EC0-301F-11D3-BF4B-00C04F79EFBC}") = "MEditService.Index.Tests", "MEditService.Index.Tests\MEditService.Index.Tests.csproj", "{74967DAE-6BF5-4896-A326-B087682A8078}"
EndProject
Project("{FAE04EC0-301F-11D3-BF4B-00C04F79EFBC}") = "MEditService.Commands.Tests", "MEditService.Commands.Tests\MEditService.Commands.Tests.csproj", "{D705C795-BDC2-44BF-8CAF-89D2B256A28F}"
EndProject
Project("{FAE04EC0-301F-11D3-BF4B-00C04F79EFBC}") = "MEditService.Queries.Tests", "MEditService.Queries.Tests\MEditService.Queries.Tests.csproj", "{F43A6F00-6F90-4BCF-AFF0-2A0724A82158}"
EndProject
Project("{FAE04EC0-301F-11D3-BF4B-00C04F79EFBC}") = "MEditService.Watcher.Tests", "MEditService.Watcher.Tests\MEditService.Watcher.Tests.csproj", "{1F52CA03-6A1E-462B-8E36-A6CA8A832762}"
EndProject
Project("{FAE04EC0-301F-11D3-BF4B-00C04F79EFBC}") = "MEditService.Http.Tests", "MEditService.Http.Tests\MEditService.Http.Tests.csproj", "{A42DB0C5-4F91-455F-9F0F-AE67E7ADD431}"
EndProject
Project("{FAE04EC0-301F-11D3-BF4B-00C04F79EFBC}") = "MEditService.CrossBox.Tests", "MEditService.CrossBox.Tests\MEditService.CrossBox.Tests.csproj", "{0D032C3F-A6BD-44DF-BC10-5A887505005A}"
EndProject
Global
	GlobalSection(SolutionConfigurationPlatforms) = preSolution
		Debug|Any CPU = Debug|Any CPU
		Debug|x64 = Debug|x64
		Debug|x86 = Debug|x86
		Release|Any CPU = Release|Any CPU
		Release|x64 = Release|x64
		Release|x86 = Release|x86
	EndGlobalSection
	GlobalSection(ProjectConfigurationPlatforms) = postSolution
		{11B06E27-2300-4489-9AC2-CE69C6698212}.Debug|Any CPU.ActiveCfg = Debug|Any CPU
		{11B06E27-2300-4489-9AC2-CE69C6698212}.Debug|Any CPU.Build.0 = Debug|Any CPU
		{11B06E27-2300-4489-9AC2-CE69C6698212}.Debug|x64.ActiveCfg = Debug|Any CPU
		{11B06E27-2300-4489-9AC2-CE69C6698212}.Debug|x64.Build.0 = Debug|Any CPU
		{11B06E27-2300-4489-9AC2-CE69C6698212}.Debug|x86.ActiveCfg = Debug|Any CPU
		{11B06E27-2300-4489-9AC2-CE69C6698212}.Debug|x86.Build.0 = Debug|Any CPU
		{11B06E27-2300-4489-9AC2-CE69C6698212}.Release|Any CPU.ActiveCfg = Release|Any CPU
		{11B06E27-2300-4489-9AC2-CE69C6698212}.Release|Any CPU.Build.0 = Release|Any CPU
		{11B06E27-2300-4489-9AC2-CE69C6698212}.Release|x64.ActiveCfg = Release|Any CPU
		{11B06E27-2300-4489-9AC2-CE69C6698212}.Release|x64.Build.0 = Release|Any CPU
		{11B06E27-2300-4489-9AC2-CE69C6698212}.Release|x86.ActiveCfg = Release|Any CPU
		{11B06E27-2300-4489-9AC2-CE69C6698212}.Release|x86.Build.0 = Release|Any CPU
		{DDEEFF0B-BE30-4197-84B9-141817135D2B}.Debug|Any CPU.ActiveCfg = Debug|Any CPU
		{DDEEFF0B-BE30-4197-84B9-141817135D2B}.Debug|Any CPU.Build.0 = Debug|Any CPU
		{DDEEFF0B-BE30-4197-84B9-141817135D2B}.Debug|x64.ActiveCfg = Debug|Any CPU
		{DDEEFF0B-BE30-4197-84B9-141817135D2B}.Debug|x64.Build.0 = Debug|Any CPU
		{DDEEFF0B-BE30-4197-84B9-141817135D2B}.Debug|x86.ActiveCfg = Debug|Any CPU
		{DDEEFF0B-BE30-4197-84B9-141817135D2B}.Debug|x86.Build.0 = Debug|Any CPU
		{DDEEFF0B-BE30-4197-84B9-141817135D2B}.Release|Any CPU.ActiveCfg = Release|Any CPU
		{DDEEFF0B-BE30-4197-84B9-141817135D2B}.Release|Any CPU.Build.0 = Release|Any CPU
		{DDEEFF0B-BE30-4197-84B9-141817135D2B}.Release|x64.ActiveCfg = Release|Any CPU
		{DDEEFF0B-BE30-4197-84B9-141817135D2B}.Release|x64.Build.0 = Release|Any CPU
		{DDEEFF0B-BE30-4197-84B9-141817135D2B}.Release|x86.ActiveCfg = Release|Any CPU
		{DDEEFF0B-BE30-4197-84B9-141817135D2B}.Release|x86.Build.0 = Release|Any CPU
		{C12A6A04-7FBE-4979-9E2A-3A5CEB709F8E}.Debug|Any CPU.ActiveCfg = Debug|Any CPU
		{C12A6A04-7FBE-4979-9E2A-3A5CEB709F8E}.Debug|Any CPU.Build.0 = Debug|Any CPU
		{C12A6A04-7FBE-4979-9E2A-3A5CEB709F8E}.Debug|x64.ActiveCfg = Debug|Any CPU
		{C12A6A04-7FBE-4979-9E2A-3A5CEB709F8E}.Debug|x64.Build.0 = Debug|Any CPU
		{C12A6A04-7FBE-4979-9E2A-3A5CEB709F8E}.Debug|x86.ActiveCfg = Debug|Any CPU
		{C12A6A04-7FBE-4979-9E2A-3A5CEB709F8E}.Debug|x86.Build.0 = Debug|Any CPU
		{C12A6A04-7FBE-4979-9E2A-3A5CEB709F8E}.Release|Any CPU.ActiveCfg = Release|Any CPU
		{C12A6A04-7FBE-4979-9E2A-3A5CEB709F8E}.Release|Any CPU.Build.0 = Release|Any CPU
		{C12A6A04-7FBE-4979-9E2A-3A5CEB709F8E}.Release|x64.ActiveCfg = Release|Any CPU
		{C12A6A04-7FBE-4979-9E2A-3A5CEB709F8E}.Release|x64.Build.0 = Release|Any CPU
		{C12A6A04-7FBE-4979-9E2A-3A5CEB709F8E}.Release|x86.ActiveCfg = Release|Any CPU
		{C12A6A04-7FBE-4979-9E2A-3A5CEB709F8E}.Release|x86.Build.0 = Release|Any CPU
		{7568BA16-B016-4635-8877-CE71CAAFA7E1}.Debug|Any CPU.ActiveCfg = Debug|Any CPU
		{7568BA16-B016-4635-8877-CE71CAAFA7E1}.Debug|Any CPU.Build.0 = Debug|Any CPU
		{7568BA16-B016-4635-8877-CE71CAAFA7E1}.Debug|x64.ActiveCfg = Debug|Any CPU
		{7568BA16-B016-4635-8877-CE71CAAFA7E1}.Debug|x64.Build.0 = Debug|Any CPU
		{7568BA16-B016-4635-8877-CE71CAAFA7E1}.Debug|x86.ActiveCfg = Debug|Any CPU
		{7568BA16-B016-4635-8877-CE71CAAFA7E1}.Debug|x86.Build.0 = Debug|Any CPU
		{7568BA16-B016-4635-8877-CE71CAAFA7E1}.Release|Any CPU.ActiveCfg = Release|Any CPU
		{7568BA16-B016-4635-8877-CE71CAAFA7E1}.Release|Any CPU.Build.0 = Release|Any CPU
		{7568BA16-B016-4635-8877-CE71CAAFA7E1}.Release|x64.ActiveCfg = Release|Any CPU
		{7568BA16-B016-4635-8877-CE71CAAFA7E1}.Release|x64.Build.0 = Release|Any CPU
		{7568BA16-B016-4635-8877-CE71CAAFA7E1}.Release|x86.ActiveCfg = Release|Any CPU
		{7568BA16-B016-4635-8877-CE71CAAFA7E1}.Release|x86.Build.0 = Release|Any CPU
		{67039B20-2E28-4103-8F9E-30D592903E2D}.Debug|Any CPU.ActiveCfg = Debug|Any CPU
		{67039B20-2E28-4103-8F9E-30D592903E2D}.Debug|Any CPU.Build.0 = Debug|Any CPU
		{67039B20-2E28-4103-8F9E-30D592903E2D}.Debug|x64.ActiveCfg = Debug|Any CPU
		{67039B20-2E28-4103-8F9E-30D592903E2D}.Debug|x64.Build.0 = Debug|Any CPU
		{67039B20-2E28-4103-8F9E-30D592903E2D}.Debug|x86.ActiveCfg = Debug|Any CPU
		{67039B20-2E28-4103-8F9E-30D592903E2D}.Debug|x86.Build.0 = Debug|Any CPU
		{67039B20-2E28-4103-8F9E-30D592903E2D}.Release|Any CPU.ActiveCfg = Release|Any CPU
		{67039B20-2E28-4103-8F9E-30D592903E2D}.Release|Any CPU.Build.0 = Release|Any CPU
		{67039B20-2E28-4103-8F9E-30D592903E2D}.Release|x64.ActiveCfg = Release|Any CPU
		{67039B20-2E28-4103-8F9E-30D592903E2D}.Release|x64.Build.0 = Release|Any CPU
		{67039B20-2E28-4103-8F9E-30D592903E2D}.Release|x86.ActiveCfg = Release|Any CPU
		{67039B20-2E28-4103-8F9E-30D592903E2D}.Release|x86.Build.0 = Release|Any CPU
		{5A5D7E90-217C-4279-AE98-E3BD8FAE35ED}.Debug|Any CPU.ActiveCfg = Debug|Any CPU
		{5A5D7E90-217C-4279-AE98-E3BD8FAE35ED}.Debug|Any CPU.Build.0 = Debug|Any CPU
		{5A5D7E90-217C-4279-AE98-E3BD8FAE35ED}.Debug|x64.ActiveCfg = Debug|Any CPU
		{5A5D7E90-217C-4279-AE98-E3BD8FAE35ED}.Debug|x64.Build.0 = Debug|Any CPU
		{5A5D7E90-217C-4279-AE98-E3BD8FAE35ED}.Debug|x86.ActiveCfg = Debug|Any CPU
		{5A5D7E90-217C-4279-AE98-E3BD8FAE35ED}.Debug|x86.Build.0 = Debug|Any CPU
		{5A5D7E90-217C-4279-AE98-E3BD8FAE35ED}.Release|Any CPU.ActiveCfg = Release|Any CPU
		{5A5D7E90-217C-4279-AE98-E3BD8FAE35ED}.Release|Any CPU.Build.0 = Release|Any CPU
		{5A5D7E90-217C-4279-AE98-E3BD8FAE35ED}.Release|x64.ActiveCfg = Release|Any CPU
		{5A5D7E90-217C-4279-AE98-E3BD8FAE35ED}.Release|x64.Build.0 = Release|Any CPU
		{5A5D7E90-217C-4279-AE98-E3BD8FAE35ED}.Release|x86.ActiveCfg = Release|Any CPU
		{5A5D7E90-217C-4279-AE98-E3BD8FAE35ED}.Release|x86.Build.0 = Release|Any CPU
		{2B6C4D8B-9968-4AD8-8304-C675BFA7B308}.Debug|Any CPU.ActiveCfg = Debug|Any CPU
		{2B6C4D8B-9968-4AD8-8304-C675BFA7B308}.Debug|Any CPU.Build.0 = Debug|Any CPU
		{2B6C4D8B-9968-4AD8-8304-C675BFA7B308}.Debug|x64.ActiveCfg = Debug|Any CPU
		{2B6C4D8B-9968-4AD8-8304-C675BFA7B308}.Debug|x64.Build.0 = Debug|Any CPU
		{2B6C4D8B-9968-4AD8-8304-C675BFA7B308}.Debug|x86.ActiveCfg = Debug|Any CPU
		{2B6C4D8B-9968-4AD8-8304-C675BFA7B308}.Debug|x86.Build.0 = Debug|Any CPU
		{2B6C4D8B-9968-4AD8-8304-C675BFA7B308}.Release|Any CPU.ActiveCfg = Release|Any CPU
		{2B6C4D8B-9968-4AD8-8304-C675BFA7B308}.Release|Any CPU.Build.0 = Release|Any CPU
		{2B6C4D8B-9968-4AD8-8304-C675BFA7B308}.Release|x64.ActiveCfg = Release|Any CPU
		{2B6C4D8B-9968-4AD8-8304-C675BFA7B308}.Release|x64.Build.0 = Release|Any CPU
		{2B6C4D8B-9968-4AD8-8304-C675BFA7B308}.Release|x86.ActiveCfg = Release|Any CPU
		{2B6C4D8B-9968-4AD8-8304-C675BFA7B308}.Release|x86.Build.0 = Release|Any CPU
		{1EDAAA4B-25D7-4194-A630-DE9A07CD9D5C}.Debug|Any CPU.ActiveCfg = Debug|Any CPU
		{1EDAAA4B-25D7-4194-A630-DE9A07CD9D5C}.Debug|Any CPU.Build.0 = Debug|Any CPU
		{1EDAAA4B-25D7-4194-A630-DE9A07CD9D5C}.Debug|x64.ActiveCfg = Debug|Any CPU
		{1EDAAA4B-25D7-4194-A630-DE9A07CD9D5C}.Debug|x64.Build.0 = Debug|Any CPU
		{1EDAAA4B-25D7-4194-A630-DE9A07CD9D5C}.Debug|x86.ActiveCfg = Debug|Any CPU
		{1EDAAA4B-25D7-4194-A630-DE9A07CD9D5C}.Debug|x86.Build.0 = Debug|Any CPU
		{1EDAAA4B-25D7-4194-A630-DE9A07CD9D5C}.Release|Any CPU.ActiveCfg = Release|Any CPU
		{1EDAAA4B-25D7-4194-A630-DE9A07CD9D5C}.Release|Any CPU.Build.0 = Release|Any CPU
		{1EDAAA4B-25D7-4194-A630-DE9A07CD9D5C}.Release|x64.ActiveCfg = Release|Any CPU
		{1EDAAA4B-25D7-4194-A630-DE9A07CD9D5C}.Release|x64.Build.0 = Release|Any CPU
		{1EDAAA4B-25D7-4194-A630-DE9A07CD9D5C}.Release|x86.ActiveCfg = Release|Any CPU
		{1EDAAA4B-25D7-4194-A630-DE9A07CD9D5C}.Release|x86.Build.0 = Release|Any CPU
		{1E597442-FDBB-4B2E-9896-C52C69C3F0CA}.Debug|Any CPU.ActiveCfg = Debug|Any CPU
		{1E597442-FDBB-4B2E-9896-C52C69C3F0CA}.Debug|Any CPU.Build.0 = Debug|Any CPU
		{1E597442-FDBB-4B2E-9896-C52C69C3F0CA}.Debug|x64.ActiveCfg = Debug|Any CPU
		{1E597442-FDBB-4B2E-9896-C52C69C3F0CA}.Debug|x64.Build.0 = Debug|Any CPU
		{1E597442-FDBB-4B2E-9896-C52C69C3F0CA}.Debug|x86.ActiveCfg = Debug|Any CPU
		{1E597442-FDBB-4B2E-9896-C52C69C3F0CA}.Debug|x86.Build.0 = Debug|Any CPU
		{1E597442-FDBB-4B2E-9896-C52C69C3F0CA}.Release|Any CPU.ActiveCfg = Release|Any CPU
		{1E597442-FDBB-4B2E-9896-C52C69C3F0CA}.Release|Any CPU.Build.0 = Release|Any CPU
		{1E597442-FDBB-4B2E-9896-C52C69C3F0CA}.Release|x64.ActiveCfg = Release|Any CPU
		{1E597442-FDBB-4B2E-9896-C52C69C3F0CA}.Release|x64.Build.0 = Release|Any CPU
		{1E597442-FDBB-4B2E-9896-C52C69C3F0CA}.Release|x86.ActiveCfg = Release|Any CPU
		{1E597442-FDBB-4B2E-9896-C52C69C3F0CA}.Release|x86.Build.0 = Release|Any CPU
		{2F521F50-CCE8-48E4-A400-436104D8629C}.Debug|Any CPU.ActiveCfg = Debug|Any CPU
		{2F521F50-CCE8-48E4-A400-436104D8629C}.Debug|Any CPU.Build.0 = Debug|Any CPU
		{2F521F50-CCE8-48E4-A400-436104D8629C}.Debug|x64.ActiveCfg = Debug|Any CPU
		{2F521F50-CCE8-48E4-A400-436104D8629C}.Debug|x64.Build.0 = Debug|Any CPU
		{2F521F50-CCE8-48E4-A400-436104D8629C}.Debug|x86.ActiveCfg = Debug|Any CPU
		{2F521F50-CCE8-48E4-A400-436104D8629C}.Debug|x86.Build.0 = Debug|Any CPU
		{2F521F50-CCE8-48E4-A400-436104D8629C}.Release|Any CPU.ActiveCfg = Release|Any CPU
		{2F521F50-CCE8-48E4-A400-436104D8629C}.Release|Any CPU.Build.0 = Release|Any CPU
		{2F521F50-CCE8-48E4-A400-436104D8629C}.Release|x64.ActiveCfg = Release|Any CPU
		{2F521F50-CCE8-48E4-A400-436104D8629C}.Release|x64.Build.0 = Release|Any CPU
		{2F521F50-CCE8-48E4-A400-436104D8629C}.Release|x86.ActiveCfg = Release|Any CPU
		{2F521F50-CCE8-48E4-A400-436104D8629C}.Release|x86.Build.0 = Release|Any CPU
		{AA655A35-CA0A-45FE-A792-EFE62A0C92D9}.Debug|Any CPU.ActiveCfg = Debug|Any CPU
		{AA655A35-CA0A-45FE-A792-EFE62A0C92D9}.Debug|Any CPU.Build.0 = Debug|Any CPU
		{AA655A35-CA0A-45FE-A792-EFE62A0C92D9}.Debug|x64.ActiveCfg = Debug|Any CPU
		{AA655A35-CA0A-45FE-A792-EFE62A0C92D9}.Debug|x64.Build.0 = Debug|Any CPU
		{AA655A35-CA0A-45FE-A792-EFE62A0C92D9}.Debug|x86.ActiveCfg = Debug|Any CPU
		{AA655A35-CA0A-45FE-A792-EFE62A0C92D9}.Debug|x86.Build.0 = Debug|Any CPU
		{AA655A35-CA0A-45FE-A792-EFE62A0C92D9}.Release|Any CPU.ActiveCfg = Release|Any CPU
		{AA655A35-CA0A-45FE-A792-EFE62A0C92D9}.Release|Any CPU.Build.0 = Release|Any CPU
		{AA655A35-CA0A-45FE-A792-EFE62A0C92D9}.Release|x64.ActiveCfg = Release|Any CPU
		{AA655A35-CA0A-45FE-A792-EFE62A0C92D9}.Release|x64.Build.0 = Release|Any CPU
		{AA655A35-CA0A-45FE-A792-EFE62A0C92D9}.Release|x86.ActiveCfg = Release|Any CPU
		{AA655A35-CA0A-45FE-A792-EFE62A0C92D9}.Release|x86.Build.0 = Release|Any CPU
		{89A28C29-09E0-4B5A-94FA-60808345B28A}.Debug|Any CPU.ActiveCfg = Debug|Any CPU
		{89A28C29-09E0-4B5A-94FA-60808345B28A}.Debug|Any CPU.Build.0 = Debug|Any CPU
		{89A28C29-09E0-4B5A-94FA-60808345B28A}.Debug|x64.ActiveCfg = Debug|Any CPU
		{89A28C29-09E0-4B5A-94FA-60808345B28A}.Debug|x64.Build.0 = Debug|Any CPU
		{89A28C29-09E0-4B5A-94FA-60808345B28A}.Debug|x86.ActiveCfg = Debug|Any CPU
		{89A28C29-09E0-4B5A-94FA-60808345B28A}.Debug|x86.Build.0 = Debug|Any CPU
		{89A28C29-09E0-4B5A-94FA-60808345B28A}.Release|Any CPU.ActiveCfg = Release|Any CPU
		{89A28C29-09E0-4B5A-94FA-60808345B28A}.Release|Any CPU.Build.0 = Release|Any CPU
		{89A28C29-09E0-4B5A-94FA-60808345B28A}.Release|x64.ActiveCfg = Release|Any CPU
		{89A28C29-09E0-4B5A-94FA-60808345B28A}.Release|x64.Build.0 = Release|Any CPU
		{89A28C29-09E0-4B5A-94FA-60808345B28A}.Release|x86.ActiveCfg = Release|Any CPU
		{89A28C29-09E0-4B5A-94FA-60808345B28A}.Release|x86.Build.0 = Release|Any CPU
		{38D60DBE-54D0-4D8B-A348-08AABD707A72}.Debug|Any CPU.ActiveCfg = Debug|Any CPU
		{38D60DBE-54D0-4D8B-A348-08AABD707A72}.Debug|Any CPU.Build.0 = Debug|Any CPU
		{38D60DBE-54D0-4D8B-A348-08AABD707A72}.Debug|x64.ActiveCfg = Debug|Any CPU
		{38D60DBE-54D0-4D8B-A348-08AABD707A72}.Debug|x64.Build.0 = Debug|Any CPU
		{38D60DBE-54D0-4D8B-A348-08AABD707A72}.Debug|x86.ActiveCfg = Debug|Any CPU
		{38D60DBE-54D0-4D8B-A348-08AABD707A72}.Debug|x86.Build.0 = Debug|Any CPU
		{38D60DBE-54D0-4D8B-A348-08AABD707A72}.Release|Any CPU.ActiveCfg = Release|Any CPU
		{38D60DBE-54D0-4D8B-A348-08AABD707A72}.Release|Any CPU.Build.0 = Release|Any CPU
		{38D60DBE-54D0-4D8B-A348-08AABD707A72}.Release|x64.ActiveCfg = Release|Any CPU
		{38D60DBE-54D0-4D8B-A348-08AABD707A72}.Release|x64.Build.0 = Release|Any CPU
		{38D60DBE-54D0-4D8B-A348-08AABD707A72}.Release|x86.ActiveCfg = Release|Any CPU
		{38D60DBE-54D0-4D8B-A348-08AABD707A72}.Release|x86.Build.0 = Release|Any CPU
		{DEADA2F5-FF8C-41A3-9DA5-4154685F5C05}.Debug|Any CPU.ActiveCfg = Debug|Any CPU
		{DEADA2F5-FF8C-41A3-9DA5-4154685F5C05}.Debug|Any CPU.Build.0 = Debug|Any CPU
		{DEADA2F5-FF8C-41A3-9DA5-4154685F5C05}.Debug|x64.ActiveCfg = Debug|Any CPU
		{DEADA2F5-FF8C-41A3-9DA5-4154685F5C05}.Debug|x64.Build.0 = Debug|Any CPU
		{DEADA2F5-FF8C-41A3-9DA5-4154685F5C05}.Debug|x86.ActiveCfg = Debug|Any CPU
		{DEADA2F5-FF8C-41A3-9DA5-4154685F5C05}.Debug|x86.Build.0 = Debug|Any CPU
		{DEADA2F5-FF8C-41A3-9DA5-4154685F5C05}.Release|Any CPU.ActiveCfg = Release|Any CPU
		{DEADA2F5-FF8C-41A3-9DA5-4154685F5C05}.Release|Any CPU.Build.0 = Release|Any CPU
		{DEADA2F5-FF8C-41A3-9DA5-4154685F5C05}.Release|x64.ActiveCfg = Release|Any CPU
		{DEADA2F5-FF8C-41A3-9DA5-4154685F5C05}.Release|x64.Build.0 = Release|Any CPU
		{DEADA2F5-FF8C-41A3-9DA5-4154685F5C05}.Release|x86.ActiveCfg = Release|Any CPU
		{DEADA2F5-FF8C-41A3-9DA5-4154685F5C05}.Release|x86.Build.0 = Release|Any CPU
		{94939403-03B7-4E4A-A67A-907B1E6898AA}.Debug|Any CPU.ActiveCfg = Debug|Any CPU
		{94939403-03B7-4E4A-A67A-907B1E6898AA}.Debug|Any CPU.Build.0 = Debug|Any CPU
		{94939403-03B7-4E4A-A67A-907B1E6898AA}.Debug|x64.ActiveCfg = Debug|Any CPU
		{94939403-03B7-4E4A-A67A-907B1E6898AA}.Debug|x64.Build.0 = Debug|Any CPU
		{94939403-03B7-4E4A-A67A-907B1E6898AA}.Debug|x86.ActiveCfg = Debug|Any CPU
		{94939403-03B7-4E4A-A67A-907B1E6898AA}.Debug|x86.Build.0 = Debug|Any CPU
		{94939403-03B7-4E4A-A67A-907B1E6898AA}.Release|Any CPU.ActiveCfg = Release|Any CPU
		{94939403-03B7-4E4A-A67A-907B1E6898AA}.Release|Any CPU.Build.0 = Release|Any CPU
		{94939403-03B7-4E4A-A67A-907B1E6898AA}.Release|x64.ActiveCfg = Release|Any CPU
		{94939403-03B7-4E4A-A67A-907B1E6898AA}.Release|x64.Build.0 = Release|Any CPU
		{94939403-03B7-4E4A-A67A-907B1E6898AA}.Release|x86.ActiveCfg = Release|Any CPU
		{94939403-03B7-4E4A-A67A-907B1E6898AA}.Release|x86.Build.0 = Release|Any CPU
		{FB3A63C6-61DC-4B9A-857E-6DAE70933D7C}.Debug|Any CPU.ActiveCfg = Debug|Any CPU
		{FB3A63C6-61DC-4B9A-857E-6DAE70933D7C}.Debug|Any CPU.Build.0 = Debug|Any CPU
		{FB3A63C6-61DC-4B9A-857E-6DAE70933D7C}.Debug|x64.ActiveCfg = Debug|Any CPU
		{FB3A63C6-61DC-4B9A-857E-6DAE70933D7C}.Debug|x64.Build.0 = Debug|Any CPU
		{FB3A63C6-61DC-4B9A-857E-6DAE70933D7C}.Debug|x86.ActiveCfg = Debug|Any CPU
		{FB3A63C6-61DC-4B9A-857E-6DAE70933D7C}.Debug|x86.Build.0 = Debug|Any CPU
		{FB3A63C6-61DC-4B9A-857E-6DAE70933D7C}.Release|Any CPU.ActiveCfg = Release|Any CPU
		{FB3A63C6-61DC-4B9A-857E-6DAE70933D7C}.Release|Any CPU.Build.0 = Release|Any CPU
		{FB3A63C6-61DC-4B9A-857E-6DAE70933D7C}.Release|x64.ActiveCfg = Release|Any CPU
		{FB3A63C6-61DC-4B9A-857E-6DAE70933D7C}.Release|x64.Build.0 = Release|Any CPU
		{FB3A63C6-61DC-4B9A-857E-6DAE70933D7C}.Release|x86.ActiveCfg = Release|Any CPU
		{FB3A63C6-61DC-4B9A-857E-6DAE70933D7C}.Release|x86.Build.0 = Release|Any CPU
		{74967DAE-6BF5-4896-A326-B087682A8078}.Debug|Any CPU.ActiveCfg = Debug|Any CPU
		{74967DAE-6BF5-4896-A326-B087682A8078}.Debug|Any CPU.Build.0 = Debug|Any CPU
		{74967DAE-6BF5-4896-A326-B087682A8078}.Debug|x64.ActiveCfg = Debug|Any CPU
		{74967DAE-6BF5-4896-A326-B087682A8078}.Debug|x64.Build.0 = Debug|Any CPU
		{74967DAE-6BF5-4896-A326-B087682A8078}.Debug|x86.ActiveCfg = Debug|Any CPU
		{74967DAE-6BF5-4896-A326-B087682A8078}.Debug|x86.Build.0 = Debug|Any CPU
		{74967DAE-6BF5-4896-A326-B087682A8078}.Release|Any CPU.ActiveCfg = Release|Any CPU
		{74967DAE-6BF5-4896-A326-B087682A8078}.Release|Any CPU.Build.0 = Release|Any CPU
		{74967DAE-6BF5-4896-A326-B087682A8078}.Release|x64.ActiveCfg = Release|Any CPU
		{74967DAE-6BF5-4896-A326-B087682A8078}.Release|x64.Build.0 = Release|Any CPU
		{74967DAE-6BF5-4896-A326-B087682A8078}.Release|x86.ActiveCfg = Release|Any CPU
		{74967DAE-6BF5-4896-A326-B087682A8078}.Release|x86.Build.0 = Release|Any CPU
		{D705C795-BDC2-44BF-8CAF-89D2B256A28F}.Debug|Any CPU.ActiveCfg = Debug|Any CPU
		{D705C795-BDC2-44BF-8CAF-89D2B256A28F}.Debug|Any CPU.Build.0 = Debug|Any CPU
		{D705C795-BDC2-44BF-8CAF-89D2B256A28F}.Debug|x64.ActiveCfg = Debug|Any CPU
		{D705C795-BDC2-44BF-8CAF-89D2B256A28F}.Debug|x64.Build.0 = Debug|Any CPU
		{D705C795-BDC2-44BF-8CAF-89D2B256A28F}.Debug|x86.ActiveCfg = Debug|Any CPU
		{D705C795-BDC2-44BF-8CAF-89D2B256A28F}.Debug|x86.Build.0 = Debug|Any CPU
		{D705C795-BDC2-44BF-8CAF-89D2B256A28F}.Release|Any CPU.ActiveCfg = Release|Any CPU
		{D705C795-BDC2-44BF-8CAF-89D2B256A28F}.Release|Any CPU.Build.0 = Release|Any CPU
		{D705C795-BDC2-44BF-8CAF-89D2B256A28F}.Release|x64.ActiveCfg = Release|Any CPU
		{D705C795-BDC2-44BF-8CAF-89D2B256A28F}.Release|x64.Build.0 = Release|Any CPU
		{D705C795-BDC2-44BF-8CAF-89D2B256A28F}.Release|x86.ActiveCfg = Release|Any CPU
		{D705C795-BDC2-44BF-8CAF-89D2B256A28F}.Release|x86.Build.0 = Release|Any CPU
		{F43A6F00-6F90-4BCF-AFF0-2A0724A82158}.Debug|Any CPU.ActiveCfg = Debug|Any CPU
		{F43A6F00-6F90-4BCF-AFF0-2A0724A82158}.Debug|Any CPU.Build.0 = Debug|Any CPU
		{F43A6F00-6F90-4BCF-AFF0-2A0724A82158}.Debug|x64.ActiveCfg = Debug|Any CPU
		{F43A6F00-6F90-4BCF-AFF0-2A0724A82158}.Debug|x64.Build.0 = Debug|Any CPU
		{F43A6F00-6F90-4BCF-AFF0-2A0724A82158}.Debug|x86.ActiveCfg = Debug|Any CPU
		{F43A6F00-6F90-4BCF-AFF0-2A0724A82158}.Debug|x86.Build.0 = Debug|Any CPU
		{F43A6F00-6F90-4BCF-AFF0-2A0724A82158}.Release|Any CPU.ActiveCfg = Release|Any CPU
		{F43A6F00-6F90-4BCF-AFF0-2A0724A82158}.Release|Any CPU.Build.0 = Release|Any CPU
		{F43A6F00-6F90-4BCF-AFF0-2A0724A82158}.Release|x64.ActiveCfg = Release|Any CPU
		{F43A6F00-6F90-4BCF-AFF0-2A0724A82158}.Release|x64.Build.0 = Release|Any CPU
		{F43A6F00-6F90-4BCF-AFF0-2A0724A82158}.Release|x86.ActiveCfg = Release|Any CPU
		{F43A6F00-6F90-4BCF-AFF0-2A0724A82158}.Release|x86.Build.0 = Release|Any CPU
		{1F52CA03-6A1E-462B-8E36-A6CA8A832762}.Debug|Any CPU.ActiveCfg = Debug|Any CPU
		{1F52CA03-6A1E-462B-8E36-A6CA8A832762}.Debug|Any CPU.Build.0 = Debug|Any CPU
		{1F52CA03-6A1E-462B-8E36-A6CA8A832762}.Debug|x64.ActiveCfg = Debug|Any CPU
		{1F52CA03-6A1E-462B-8E36-A6CA8A832762}.Debug|x64.Build.0 = Debug|Any CPU
		{1F52CA03-6A1E-462B-8E36-A6CA8A832762}.Debug|x86.ActiveCfg = Debug|Any CPU
		{1F52CA03-6A1E-462B-8E36-A6CA8A832762}.Debug|x86.Build.0 = Debug|Any CPU
		{1F52CA03-6A1E-462B-8E36-A6CA8A832762}.Release|Any CPU.ActiveCfg = Release|Any CPU
		{1F52CA03-6A1E-462B-8E36-A6CA8A832762}.Release|Any CPU.Build.0 = Release|Any CPU
		{1F52CA03-6A1E-462B-8E36-A6CA8A832762}.Release|x64.ActiveCfg = Release|Any CPU
		{1F52CA03-6A1E-462B-8E36-A6CA8A832762}.Release|x64.Build.0 = Release|Any CPU
		{1F52CA03-6A1E-462B-8E36-A6CA8A832762}.Release|x86.ActiveCfg = Release|Any CPU
		{1F52CA03-6A1E-462B-8E36-A6CA8A832762}.Release|x86.Build.0 = Release|Any CPU
		{A42DB0C5-4F91-455F-9F0F-AE67E7ADD431}.Debug|Any CPU.ActiveCfg = Debug|Any CPU
		{A42DB0C5-4F91-455F-9F0F-AE67E7ADD431}.Debug|Any CPU.Build.0 = Debug|Any CPU
		{A42DB0C5-4F91-455F-9F0F-AE67E7ADD431}.Debug|x64.ActiveCfg = Debug|Any CPU
		{A42DB0C5-4F91-455F-9F0F-AE67E7ADD431}.Debug|x64.Build.0 = Debug|Any CPU
		{A42DB0C5-4F91-455F-9F0F-AE67E7ADD431}.Debug|x86.ActiveCfg = Debug|Any CPU
		{A42DB0C5-4F91-455F-9F0F-AE67E7ADD431}.Debug|x86.Build.0 = Debug|Any CPU
		{A42DB0C5-4F91-455F-9F0F-AE67E7ADD431}.Release|Any CPU.ActiveCfg = Release|Any CPU
		{A42DB0C5-4F91-455F-9F0F-AE67E7ADD431}.Release|Any CPU.Build.0 = Release|Any CPU
		{A42DB0C5-4F91-455F-9F0F-AE67E7ADD431}.Release|x64.ActiveCfg = Release|Any CPU
		{A42DB0C5-4F91-455F-9F0F-AE67E7ADD431}.Release|x64.Build.0 = Release|Any CPU
		{A42DB0C5-4F91-455F-9F0F-AE67E7ADD431}.Release|x86.ActiveCfg = Release|Any CPU
		{A42DB0C5-4F91-455F-9F0F-AE67E7ADD431}.Release|x86.Build.0 = Release|Any CPU
		{0D032C3F-A6BD-44DF-BC10-5A887505005A}.Debug|Any CPU.ActiveCfg = Debug|Any CPU
		{0D032C3F-A6BD-44DF-BC10-5A887505005A}.Debug|Any CPU.Build.0 = Debug|Any CPU
		{0D032C3F-A6BD-44DF-BC10-5A887505005A}.Debug|x64.ActiveCfg = Debug|Any CPU
		{0D032C3F-A6BD-44DF-BC10-5A887505005A}.Debug|x64.Build.0 = Debug|Any CPU
		{0D032C3F-A6BD-44DF-BC10-5A887505005A}.Debug|x86.ActiveCfg = Debug|Any CPU
		{0D032C3F-A6BD-44DF-BC10-5A887505005A}.Debug|x86.Build.0 = Debug|Any CPU
		{0D032C3F-A6BD-44DF-BC10-5A887505005A}.Release|Any CPU.ActiveCfg = Release|Any CPU
		{0D032C3F-A6BD-44DF-BC10-5A887505005A}.Release|Any CPU.Build.0 = Release|Any CPU
		{0D032C3F-A6BD-44DF-BC10-5A887505005A}.Release|x64.ActiveCfg = Release|Any CPU
		{0D032C3F-A6BD-44DF-BC10-5A887505005A}.Release|x64.Build.0 = Release|Any CPU
		{0D032C3F-A6BD-44DF-BC10-5A887505005A}.Release|x86.ActiveCfg = Release|Any CPU
		{0D032C3F-A6BD-44DF-BC10-5A887505005A}.Release|x86.Build.0 = Release|Any CPU
	EndGlobalSection
	GlobalSection(SolutionProperties) = preSolution
		HideSolutionNode = FALSE
	EndGlobalSection
EndGlobal
